
Microsoft Visual Studio Solution File, Format Version 12.00
# Visual Studio Version 17
VisualStudioVersion = 17.7.34031.279
MinimumVisualStudioVersion = 10.0.40219.1
Project("{9A19103F-16F7-4668-BE54-9A1E7A4F7556}") = "WinFormsApp2", "WinFormsApp2.csproj", "{CFA6A784-0EC8-4FB4-A485-FDA3DF1764A3}"
EndProject
Global
	GlobalSection(SolutionConfigurationPlatforms) = preSolution
		Debug|Any CPU = Debug|Any CPU
		Release|Any CPU = Release|Any CPU
	EndGlobalSection
	GlobalSection(ProjectConfigurationPlatforms) = postSolution
		{CFA6A784-0EC8-4FB4-A485-FDA3DF1764A3}.Debug|Any CPU.ActiveCfg = Debug|Any CPU
		{CFA6A784-0EC8-4FB4-A485-FDA3DF1764A3}.Debug|Any CPU.Build.0 = Debug|Any CPU
		{CFA6A784-0EC8-4FB4-A485-FDA3DF1764A3}.Release|Any CPU.ActiveCfg = Release|Any CPU
		{CFA6A784-0EC8-4FB4-A485-FDA3DF1764A3}.Release|Any CPU.Build.0 = Release|Any CPU
	EndGlobalSection
	GlobalSection(SolutionProperties) = preSolution
		HideSolutionNode = FALSE
	EndGlobalSection
	GlobalSection(ExtensibilityGlobals) = postSolution
		SolutionGuid = {06AC9E44-6D83-4621-80F6-B4106EFAFE43}
	EndGlobalSection
EndGlobal
